
Microsoft Visual Studio Solution File, Format Version 12.00
# Visual Studio Version 17
VisualStudioVersion = 17.14.36203.30 d17.14
MinimumVisualStudioVersion = 10.0.40219.1
Project("{FAE04EC0-301F-11D3-BF4B-00C04F79EFBC}") = "MCPExample", "MCPExample\MCPExample.csproj", "{528D4179-5495-4EA4-99C9-BFC0F42AA6C7}"
EndProject
Global
	GlobalSection(SolutionConfigurationPlatforms) = preSolution
		Debug|Any CPU = Debug|Any CPU
		Release|Any CPU = Release|Any CPU
	EndGlobalSection
	GlobalSection(ProjectConfigurationPlatforms) = postSolution
		{528D4179-5495-4EA4-99C9-BFC0F42AA6C7}.Debug|Any CPU.ActiveCfg = Debug|Any CPU
		{528D4179-5495-4EA4-99C9-BFC0F42AA6C7}.Debug|Any CPU.Build.0 = Debug|Any CPU
		{528D4179-5495-4EA4-99C9-BFC0F42AA6C7}.Release|Any CPU.ActiveCfg = Release|Any CPU
		{528D4179-5495-4EA4-99C9-BFC0F42AA6C7}.Release|Any CPU.Build.0 = Release|Any CPU
	EndGlobalSection
	GlobalSection(SolutionProperties) = preSolution
		HideSolutionNode = FALSE
	EndGlobalSection
	GlobalSection(ExtensibilityGlobals) = postSolution
		SolutionGuid = {CCB8FE39-901A-4FF4-B707-6FA63F0B6D8E}
	EndGlobalSection
EndGlobal
